
Microsoft Visual Studio Solution File, Format Version 12.00
# Visual Studio 15
VisualStudioVersion = 15.0.28307.1267
MinimumVisualStudioVersion = 10.0.40219.1
Project("{8BC9CEB8-8B4A-11D0-8D11-00A0C91BC942}") = "gososil_11", "gososil_11\gososil_11.vcxproj", "{467E1AA0-2E14-489F-B186-4BACF49BD215}"
EndProject
Global
	GlobalSection(SolutionConfigurationPlatforms) = preSolution
		Debug|x64 = Debug|x64
		Release|x64 = Release|x64
	EndGlobalSection
	GlobalSection(ProjectConfigurationPlatforms) = postSolution
		{467E1AA0-2E14-489F-B186-4BACF49BD215}.Debug|x64.ActiveCfg = Debug|x64
		{467E1AA0-2E14-489F-B186-4BACF49BD215}.Debug|x64.Build.0 = Debug|x64
		{467E1AA0-2E14-489F-B186-4BACF49BD215}.Release|x64.ActiveCfg = Release|x64
		{467E1AA0-2E14-489F-B186-4BACF49BD215}.Release|x64.Build.0 = Release|x64
	EndGlobalSection
	GlobalSection(SolutionProperties) = preSolution
		HideSolutionNode = FALSE
	EndGlobalSection
	GlobalSection(ExtensibilityGlobals) = postSolution
		SolutionGuid = {3FA2D182-DDB1-4D38-9E69-B4EAF019BF73}
	EndGlobalSection
EndGlobal
