
Microsoft Visual Studio Solution File, Format Version 12.00
# Visual Studio 15
VisualStudioVersion = 15.0.28307.1267
MinimumVisualStudioVersion = 10.0.40219.1
Project("{8BC9CEB8-8B4A-11D0-8D11-00A0C91BC942}") = "gososil_11_2", "gososil_11_2\gososil_11_2.vcxproj", "{A17546EB-37EA-4305-A4ED-330C7CBDC3FD}"
EndProject
Global
	GlobalSection(SolutionConfigurationPlatforms) = preSolution
		Debug|x64 = Debug|x64
		Release|x64 = Release|x64
	EndGlobalSection
	GlobalSection(ProjectConfigurationPlatforms) = postSolution
		{A17546EB-37EA-4305-A4ED-330C7CBDC3FD}.Debug|x64.ActiveCfg = Debug|x64
		{A17546EB-37EA-4305-A4ED-330C7CBDC3FD}.Debug|x64.Build.0 = Debug|x64
		{A17546EB-37EA-4305-A4ED-330C7CBDC3FD}.Release|x64.ActiveCfg = Release|x64
		{A17546EB-37EA-4305-A4ED-330C7CBDC3FD}.Release|x64.Build.0 = Release|x64
	EndGlobalSection
	GlobalSection(SolutionProperties) = preSolution
		HideSolutionNode = FALSE
	EndGlobalSection
	GlobalSection(ExtensibilityGlobals) = postSolution
		SolutionGuid = {67FA5685-90E4-4FB4-92E5-0B0AE204DD1D}
	EndGlobalSection
EndGlobal
