
Microsoft Visual Studio Solution File, Format Version 12.00
# Visual Studio 15
VisualStudioVersion = 15.0.28307.757
MinimumVisualStudioVersion = 10.0.40219.1
Project("{8BC9CEB8-8B4A-11D0-8D11-00A0C91BC942}") = "고소실_10주차_실습_배포용", "고소실_10주차_실습_배포용\고소실_10주차_실습_배포용.vcxproj", "{EC0F10DC-86FD-430A-B61F-15353ECB23FE}"
EndProject
Global
	GlobalSection(SolutionConfigurationPlatforms) = preSolution
		Debug|x64 = Debug|x64
		Debug|x86 = Debug|x86
		Release|x64 = Release|x64
		Release|x86 = Release|x86
	EndGlobalSection
	GlobalSection(ProjectConfigurationPlatforms) = postSolution
		{EC0F10DC-86FD-430A-B61F-15353ECB23FE}.Debug|x64.ActiveCfg = Debug|x64
		{EC0F10DC-86FD-430A-B61F-15353ECB23FE}.Debug|x64.Build.0 = Debug|x64
		{EC0F10DC-86FD-430A-B61F-15353ECB23FE}.Debug|x86.ActiveCfg = Debug|Win32
		{EC0F10DC-86FD-430A-B61F-15353ECB23FE}.Debug|x86.Build.0 = Debug|Win32
		{EC0F10DC-86FD-430A-B61F-15353ECB23FE}.Release|x64.ActiveCfg = Release|x64
		{EC0F10DC-86FD-430A-B61F-15353ECB23FE}.Release|x64.Build.0 = Release|x64
		{EC0F10DC-86FD-430A-B61F-15353ECB23FE}.Release|x86.ActiveCfg = Release|Win32
		{EC0F10DC-86FD-430A-B61F-15353ECB23FE}.Release|x86.Build.0 = Release|Win32
	EndGlobalSection
	GlobalSection(SolutionProperties) = preSolution
		HideSolutionNode = FALSE
	EndGlobalSection
	GlobalSection(ExtensibilityGlobals) = postSolution
		SolutionGuid = {9309F73A-2B4B-466C-9611-798F3BF18FB4}
	EndGlobalSection
EndGlobal
