
Microsoft Visual Studio Solution File, Format Version 11.00
# Visual Studio 2010
Project("{8BC9CEB8-8B4A-11D0-8D11-00A0C91BC942}") = "ColorConversion", "ColorConversion\ColorConversion.vcxproj", "{3451E3AF-8DC5-4299-B638-F3D995C94868}"
EndProject
Global
	GlobalSection(SolutionConfigurationPlatforms) = preSolution
		Debug|Win32 = Debug|Win32
		Release|Win32 = Release|Win32
	EndGlobalSection
	GlobalSection(ProjectConfigurationPlatforms) = postSolution
		{3451E3AF-8DC5-4299-B638-F3D995C94868}.Debug|Win32.ActiveCfg = Debug|Win32
		{3451E3AF-8DC5-4299-B638-F3D995C94868}.Debug|Win32.Build.0 = Debug|Win32
		{3451E3AF-8DC5-4299-B638-F3D995C94868}.Release|Win32.ActiveCfg = Release|Win32
		{3451E3AF-8DC5-4299-B638-F3D995C94868}.Release|Win32.Build.0 = Release|Win32
	EndGlobalSection
	GlobalSection(SolutionProperties) = preSolution
		HideSolutionNode = FALSE
	EndGlobalSection
EndGlobal
